
Microsoft Visual Studio Solution File, Format Version 12.00
# Visual Studio Version 17
VisualStudioVersion = 17.0.31903.59
MinimumVisualStudioVersion = 10.0.40219.1
Project("{9A19103F-16F7-4668-BE54-9A1E7A4F7556}") = "IssueTest.Console", "IssueTest.Console\IssueTest.Console.csproj", "{CCA25245-1F24-4613-AF96-A86061925D95}"
EndProject
Project("{9A19103F-16F7-4668-BE54-9A1E7A4F7556}") = "IssueTest.Rules", "IssueTest.Rules\IssueTest.Rules.csproj", "{F14F8CBB-2B5D-479D-A614-5CCE33F97974}"
EndProject
Project("{2150E333-8FDC-42A3-9474-1A3956D46DE8}") = "Solution Items", "Solution Items", "{1ADC63C5-4358-4CB1-A026-FDDD31540D4F}"
EndProject
Project("{9A19103F-16F7-4668-BE54-9A1E7A4F7556}") = "IssueTest.Domain", "IssueTest.Domain\IssueTest.Domain.csproj", "{BBE1A838-5A4A-40A8-B4D9-C59EA4976D82}"
EndProject
Global
	GlobalSection(SolutionConfigurationPlatforms) = preSolution
		Debug|Any CPU = Debug|Any CPU
		Release|Any CPU = Release|Any CPU
	EndGlobalSection
	GlobalSection(ProjectConfigurationPlatforms) = postSolution
		{CCA25245-1F24-4613-AF96-A86061925D95}.Debug|Any CPU.ActiveCfg = Debug|Any CPU
		{CCA25245-1F24-4613-AF96-A86061925D95}.Debug|Any CPU.Build.0 = Debug|Any CPU
		{CCA25245-1F24-4613-AF96-A86061925D95}.Release|Any CPU.ActiveCfg = Release|Any CPU
		{CCA25245-1F24-4613-AF96-A86061925D95}.Release|Any CPU.Build.0 = Release|Any CPU
		{F14F8CBB-2B5D-479D-A614-5CCE33F97974}.Debug|Any CPU.ActiveCfg = Debug|Any CPU
		{F14F8CBB-2B5D-479D-A614-5CCE33F97974}.Debug|Any CPU.Build.0 = Debug|Any CPU
		{F14F8CBB-2B5D-479D-A614-5CCE33F97974}.Release|Any CPU.ActiveCfg = Release|Any CPU
		{F14F8CBB-2B5D-479D-A614-5CCE33F97974}.Release|Any CPU.Build.0 = Release|Any CPU
		{BBE1A838-5A4A-40A8-B4D9-C59EA4976D82}.Debug|Any CPU.ActiveCfg = Debug|Any CPU
		{BBE1A838-5A4A-40A8-B4D9-C59EA4976D82}.Debug|Any CPU.Build.0 = Debug|Any CPU
		{BBE1A838-5A4A-40A8-B4D9-C59EA4976D82}.Release|Any CPU.ActiveCfg = Release|Any CPU
		{BBE1A838-5A4A-40A8-B4D9-C59EA4976D82}.Release|Any CPU.Build.0 = Release|Any CPU
	EndGlobalSection
	GlobalSection(SolutionProperties) = preSolution
		HideSolutionNode = FALSE
	EndGlobalSection
	GlobalSection(ExtensibilityGlobals) = postSolution
		SolutionGuid = {59F81749-6D87-4D5C-972F-F8F32C4B9EB0}
	EndGlobalSection
EndGlobal
